// !$*UTF8*$!
{
	archiveVersion = 1;
	classes = {
	};
	objectVersion = 50;
	objects = {

/* Begin PBXBuildFile section */
		A71AD49721DA6410008BAD5A /* BibliothekVC.swift in Sources */ = {isa = PBXBuildFile; fileRef = A71AD49621DA6410008BAD5A /* BibliothekVC.swift */; };
		A71AD49A21DA657A008BAD5A /* QuestionCoreData.xcdatamodeld in Sources */ = {isa = PBXBuildFile; fileRef = A71AD49821DA657A008BAD5A /* QuestionCoreData.xcdatamodeld */; };
		A71AD49C21DA6D7C008BAD5A /* CoreDataService.swift in Sources */ = {isa = PBXBuildFile; fileRef = A71AD49B21DA6D7C008BAD5A /* CoreDataService.swift */; };
		A73B9C1221CA50C50091D952 /* AppDelegate.swift in Sources */ = {isa = PBXBuildFile; fileRef = A73B9C1121CA50C50091D952 /* AppDelegate.swift */; };
		A73B9C1721CA50C50091D952 /* Main.storyboard in Resources */ = {isa = PBXBuildFile; fileRef = A73B9C1521CA50C50091D952 /* Main.storyboard */; };
		A73B9C1921CA50C90091D952 /* Assets.xcassets in Resources */ = {isa = PBXBuildFile; fileRef = A73B9C1821CA50C90091D952 /* Assets.xcassets */; };
		A73B9C1C21CA50C90091D952 /* LaunchScreen.storyboard in Resources */ = {isa = PBXBuildFile; fileRef = A73B9C1A21CA50C90091D952 /* LaunchScreen.storyboard */; };
		A73B9C2421CA53020091D952 /* Question.swift in Sources */ = {isa = PBXBuildFile; fileRef = A73B9C2321CA53020091D952 /* Question.swift */; };
		A73B9C2621CA530B0091D952 /* QuestionBank.swift in Sources */ = {isa = PBXBuildFile; fileRef = A73B9C2521CA530B0091D952 /* QuestionBank.swift */; };
		A73B9C2921CA53440091D952 /* QuizVC.swift in Sources */ = {isa = PBXBuildFile; fileRef = A73B9C2821CA53440091D952 /* QuizVC.swift */; };
/* End PBXBuildFile section */

/* Begin PBXFileReference section */
		A71AD49621DA6410008BAD5A /* BibliothekVC.swift */ = {isa = PBXFileReference; lastKnownFileType = sourcecode.swift; path = BibliothekVC.swift; sourceTree = "<group>"; };
		A71AD49921DA657A008BAD5A /* QuestionCoreData.xcdatamodel */ = {isa = PBXFileReference; lastKnownFileType = wrapper.xcdatamodel; path = QuestionCoreData.xcdatamodel; sourceTree = "<group>"; };
		A71AD49B21DA6D7C008BAD5A /* CoreDataService.swift */ = {isa = PBXFileReference; lastKnownFileType = sourcecode.swift; path = CoreDataService.swift; sourceTree = "<group>"; };
		A73B9C0E21CA50C50091D952 /* Richard_Help_Access_Json_Data.app */ = {isa = PBXFileReference; explicitFileType = wrapper.application; includeInIndex = 0; path = Richard_Help_Access_Json_Data.app; sourceTree = BUILT_PRODUCTS_DIR; };
		A73B9C1121CA50C50091D952 /* AppDelegate.swift */ = {isa = PBXFileReference; lastKnownFileType = sourcecode.swift; path = AppDelegate.swift; sourceTree = "<group>"; };
		A73B9C1621CA50C50091D952 /* Base */ = {isa = PBXFileReference; lastKnownFileType = file.storyboard; name = Base; path = Base.lproj/Main.storyboard; sourceTree = "<group>"; };
		A73B9C1821CA50C90091D952 /* Assets.xcassets */ = {isa = PBXFileReference; lastKnownFileType = folder.assetcatalog; path = Assets.xcassets; sourceTree = "<group>"; };
		A73B9C1B21CA50C90091D952 /* Base */ = {isa = PBXFileReference; lastKnownFileType = file.storyboard; name = Base; path = Base.lproj/LaunchScreen.storyboard; sourceTree = "<group>"; };
		A73B9C1D21CA50C90091D952 /* Info.plist */ = {isa = PBXFileReference; lastKnownFileType = text.plist.xml; path = Info.plist; sourceTree = "<group>"; };
		A73B9C2321CA53020091D952 /* Question.swift */ = {isa = PBXFileReference; lastKnownFileType = sourcecode.swift; path = Question.swift; sourceTree = "<group>"; };
		A73B9C2521CA530B0091D952 /* QuestionBank.swift */ = {isa = PBXFileReference; lastKnownFileType = sourcecode.swift; path = QuestionBank.swift; sourceTree = "<group>"; };
		A73B9C2821CA53440091D952 /* QuizVC.swift */ = {isa = PBXFileReference; lastKnownFileType = sourcecode.swift; path = QuizVC.swift; sourceTree = "<group>"; };
/* End PBXFileReference section */

/* Begin PBXFrameworksBuildPhase section */
		A73B9C0B21CA50C50091D952 /* Frameworks */ = {
			isa = PBXFrameworksBuildPhase;
			buildActionMask = 2147483647;
			files = (
			);
			runOnlyForDeploymentPostprocessing = 0;
		};
/* End PBXFrameworksBuildPhase section */

/* Begin PBXGroup section */
		A73B9C0521CA50C50091D952 = {
			isa = PBXGroup;
			children = (
				A73B9C1021CA50C50091D952 /* Richard_Help_Access_Json_Data */,
				A73B9C0F21CA50C50091D952 /* Products */,
			);
			sourceTree = "<group>";
		};
		A73B9C0F21CA50C50091D952 /* Products */ = {
			isa = PBXGroup;
			children = (
				A73B9C0E21CA50C50091D952 /* Richard_Help_Access_Json_Data.app */,
			);
			name = Products;
			sourceTree = "<group>";
		};
		A73B9C1021CA50C50091D952 /* Richard_Help_Access_Json_Data */ = {
			isa = PBXGroup;
			children = (
				A73B9C2A21CA54AB0091D952 /* View */,
				A73B9C2721CA53290091D952 /* Model */,
				A73B9C1121CA50C50091D952 /* AppDelegate.swift */,
				A73B9C1521CA50C50091D952 /* Main.storyboard */,
				A73B9C1821CA50C90091D952 /* Assets.xcassets */,
				A73B9C1A21CA50C90091D952 /* LaunchScreen.storyboard */,
				A73B9C1D21CA50C90091D952 /* Info.plist */,
			);
			path = Richard_Help_Access_Json_Data;
			sourceTree = "<group>";
		};
		A73B9C2721CA53290091D952 /* Model */ = {
			isa = PBXGroup;
			children = (
				A73B9C2321CA53020091D952 /* Question.swift */,
				A73B9C2521CA530B0091D952 /* QuestionBank.swift */,
				A71AD49821DA657A008BAD5A /* QuestionCoreData.xcdatamodeld */,
				A71AD49B21DA6D7C008BAD5A /* CoreDataService.swift */,
			);
			path = Model;
			sourceTree = "<group>";
		};
		A73B9C2A21CA54AB0091D952 /* View */ = {
			isa = PBXGroup;
			children = (
				A73B9C2821CA53440091D952 /* QuizVC.swift */,
				A71AD49621DA6410008BAD5A /* BibliothekVC.swift */,
			);
			path = View;
			sourceTree = "<group>";
		};
/* End PBXGroup section */

/* Begin PBXNativeTarget section */
		A73B9C0D21CA50C50091D952 /* Richard_Help_Access_Json_Data */ = {
			isa = PBXNativeTarget;
			buildConfigurationList = A73B9C2021CA50C90091D952 /* Build configuration list for PBXNativeTarget "Richard_Help_Access_Json_Data" */;
			buildPhases = (
				A73B9C0A21CA50C50091D952 /* Sources */,
				A73B9C0B21CA50C50091D952 /* Frameworks */,
				A73B9C0C21CA50C50091D952 /* Resources */,
			);
			buildRules = (
			);
			dependencies = (
			);
			name = Richard_Help_Access_Json_Data;
			productName = Richard_Help_Access_Json_Data;
			productReference = A73B9C0E21CA50C50091D952 /* Richard_Help_Access_Json_Data.app */;
			productType = "com.apple.product-type.application";
		};
/* End PBXNativeTarget section */

/* Begin PBXProject section */
		A73B9C0621CA50C50091D952 /* Project object */ = {
			isa = PBXProject;
			attributes = {
				LastSwiftUpdateCheck = 1010;
				LastUpgradeCheck = 1010;
				ORGANIZATIONNAME = Novaheal;
				TargetAttributes = {
					A73B9C0D21CA50C50091D952 = {
						CreatedOnToolsVersion = 10.1;
					};
				};
			};
			buildConfigurationList = A73B9C0921CA50C50091D952 /* Build configuration list for PBXProject "Richard_Help_Access_Json_Data" */;
			compatibilityVersion = "Xcode 9.3";
			developmentRegion = en;
			hasScannedForEncodings = 0;
			knownRegions = (
				en,
				Base,
			);
			mainGroup = A73B9C0521CA50C50091D952;
			productRefGroup = A73B9C0F21CA50C50091D952 /* Products */;
			projectDirPath = "";
			projectRoot = "";
			targets = (
				A73B9C0D21CA50C50091D952 /* Richard_Help_Access_Json_Data */,
			);
		};
/* End PBXProject section */

/* Begin PBXResourcesBuildPhase section */
		A73B9C0C21CA50C50091D952 /* Resources */ = {
			isa = PBXResourcesBuildPhase;
			buildActionMask = 2147483647;
			files = (
				A73B9C1C21CA50C90091D952 /* LaunchScreen.storyboard in Resources */,
				A73B9C1921CA50C90091D952 /* Assets.xcassets in Resources */,
				A73B9C1721CA50C50091D952 /* Main.storyboard in Resources */,
			);
			runOnlyForDeploymentPostprocessing = 0;
		};
/* End PBXResourcesBuildPhase section */

/* Begin PBXSourcesBuildPhase section */
		A73B9C0A21CA50C50091D952 /* Sources */ = {
			isa = PBXSourcesBuildPhase;
			buildActionMask = 2147483647;
			files = (
				A71AD49C21DA6D7C008BAD5A /* CoreDataService.swift in Sources */,
				A71AD49A21DA657A008BAD5A /* QuestionCoreData.xcdatamodeld in Sources */,
				A71AD49721DA6410008BAD5A /* BibliothekVC.swift in Sources */,
				A73B9C2421CA53020091D952 /* Question.swift in Sources */,
				A73B9C2921CA53440091D952 /* QuizVC.swift in Sources */,
				A73B9C2621CA530B0091D952 /* QuestionBank.swift in Sources */,
				A73B9C1221CA50C50091D952 /* AppDelegate.swift in Sources */,
			);
			runOnlyForDeploymentPostprocessing = 0;
		};
/* End PBXSourcesBuildPhase section */

/* Begin PBXVariantGroup section */
		A73B9C1521CA50C50091D952 /* Main.storyboard */ = {
			isa = PBXVariantGroup;
			children = (
				A73B9C1621CA50C50091D952 /* Base */,
			);
			name = Main.storyboard;
			sourceTree = "<group>";
		};
		A73B9C1A21CA50C90091D952 /* LaunchScreen.storyboard */ = {
			isa = PBXVariantGroup;
			children = (
				A73B9C1B21CA50C90091D952 /* Base */,
			);
			name = LaunchScreen.storyboard;
			sourceTree = "<group>";
		};
/* End PBXVariantGroup section */

/* Begin XCBuildConfiguration section */
		A73B9C1E21CA50C90091D952 /* Debug */ = {
			isa = XCBuildConfiguration;
			buildSettings = {
				ALWAYS_SEARCH_USER_PATHS = NO;
				CLANG_ANALYZER_NONNULL = YES;
				CLANG_ANALYZER_NUMBER_OBJECT_CONVERSION = YES_AGGRESSIVE;
				CLANG_CXX_LANGUAGE_STANDARD = "gnu++14";
				CLANG_CXX_LIBRARY = "libc++";
				CLANG_ENABLE_MODULES = YES;
				CLANG_ENABLE_OBJC_ARC = YES;
				CLANG_ENABLE_OBJC_WEAK = YES;
				CLANG_WARN_BLOCK_CAPTURE_AUTORELEASING = YES;
				CLANG_WARN_BOOL_CONVERSION = YES;
				CLANG_WARN_COMMA = YES;
				CLANG_WARN_CONSTANT_CONVERSION = YES;
				CLANG_WARN_DEPRECATED_OBJC_IMPLEMENTATIONS = YES;
				CLANG_WARN_DIRECT_OBJC_ISA_USAGE = YES_ERROR;
				CLANG_WARN_DOCUMENTATION_COMMENTS = YES;
				CLANG_WARN_EMPTY_BODY = YES;
				CLANG_WARN_ENUM_CONVERSION = YES;
				CLANG_WARN_INFINITE_RECURSION = YES;
				CLANG_WARN_INT_CONVERSION = YES;
				CLANG_WARN_NON_LITERAL_NULL_CONVERSION = YES;
				CLANG_WARN_OBJC_IMPLICIT_RETAIN_SELF = YES;
				CLANG_WARN_OBJC_LITERAL_CONVERSION = YES;
				CLANG_WARN_OBJC_ROOT_CLASS = YES_ERROR;
				CLANG_WARN_RANGE_LOOP_ANALYSIS = YES;
				CLANG_WARN_STRICT_PROTOTYPES = YES;
				CLANG_WARN_SUSPICIOUS_MOVE = YES;
				CLANG_WARN_UNGUARDED_AVAILABILITY = YES_AGGRESSIVE;
				CLANG_WARN_UNREACHABLE_CODE = YES;
				CLANG_WARN__DUPLICATE_METHOD_MATCH = YES;
				CODE_SIGN_IDENTITY = "iPhone Developer";
				COPY_PHASE_STRIP = NO;
				DEBUG_INFORMATION_FORMAT = dwarf;
				ENABLE_STRICT_OBJC_MSGSEND = YES;
				ENABLE_TESTABILITY = YES;
				GCC_C_LANGUAGE_STANDARD = gnu11;
				GCC_DYNAMIC_NO_PIC = NO;
				GCC_NO_COMMON_BLOCKS = YES;
				GCC_OPTIMIZATION_LEVEL = 0;
				GCC_PREPROCESSOR_DEFINITIONS = (
					"DEBUG=1",
					"$(inherited)",
				);
				GCC_WARN_64_TO_32_BIT_CONVERSION = YES;
				GCC_WARN_ABOUT_RETURN_TYPE = YES_ERROR;
				GCC_WARN_UNDECLARED_SELECTOR = YES;
				GCC_WARN_UNINITIALIZED_AUTOS = YES_AGGRESSIVE;
				GCC_WARN_UNUSED_FUNCTION = YES;
				GCC_WARN_UNUSED_VARIABLE = YES;
				IPHONEOS_DEPLOYMENT_TARGET = 12.1;
				MTL_ENABLE_DEBUG_INFO = INCLUDE_SOURCE;
				MTL_FAST_MATH = YES;
				ONLY_ACTIVE_ARCH = YES;
				SDKROOT = iphoneos;
				SWIFT_ACTIVE_COMPILATION_CONDITIONS = DEBUG;
				SWIFT_OPTIMIZATION_LEVEL = "-Onone";
			};
			name = Debug;
		};
		A73B9C1F21CA50C90091D952 /* Release */ = {
			isa = XCBuildConfiguration;
			buildSettings = {
				ALWAYS_SEARCH_USER_PATHS = NO;
				CLANG_ANALYZER_NONNULL = YES;
				CLANG_ANALYZER_NUMBER_OBJECT_CONVERSION = YES_AGGRESSIVE;
				CLANG_CXX_LANGUAGE_STANDARD = "gnu++14";
				CLANG_CXX_LIBRARY = "libc++";
				CLANG_ENABLE_MODULES = YES;
				CLANG_ENABLE_OBJC_ARC = YES;
				CLANG_ENABLE_OBJC_WEAK = YES;
				CLANG_WARN_BLOCK_CAPTURE_AUTORELEASING = YES;
				CLANG_WARN_BOOL_CONVERSION = YES;
				CLANG_WARN_COMMA = YES;
				CLANG_WARN_CONSTANT_CONVERSION = YES;
				CLANG_WARN_DEPRECATED_OBJC_IMPLEMENTATIONS = YES;
				CLANG_WARN_DIRECT_OBJC_ISA_USAGE = YES_ERROR;
				CLANG_WARN_DOCUMENTATION_COMMENTS = YES;
				CLANG_WARN_EMPTY_BODY = YES;
				CLANG_WARN_ENUM_CONVERSION = YES;
				CLANG_WARN_INFINITE_RECURSION = YES;
				CLANG_WARN_INT_CONVERSION = YES;
				CLANG_WARN_NON_LITERAL_NULL_CONVERSION = YES;
				CLANG_WARN_OBJC_IMPLICIT_RETAIN_SELF = YES;
				CLANG_WARN_OBJC_LITERAL_CONVERSION = YES;
				CLANG_WARN_OBJC_ROOT_CLASS = YES_ERROR;
				CLANG_WARN_RANGE_LOOP_ANALYSIS = YES;
				CLANG_WARN_STRICT_PROTOTYPES = YES;
				CLANG_WARN_SUSPICIOUS_MOVE = YES;
				CLANG_WARN_UNGUARDED_AVAILABILITY = YES_AGGRESSIVE;
				CLANG_WARN_UNREACHABLE_CODE = YES;
				CLANG_WARN__DUPLICATE_METHOD_MATCH = YES;
				CODE_SIGN_IDENTITY = "iPhone Developer";
				COPY_PHASE_STRIP = NO;
				DEBUG_INFORMATION_FORMAT = "dwarf-with-dsym";
				ENABLE_NS_ASSERTIONS = NO;
				ENABLE_STRICT_OBJC_MSGSEND = YES;
				GCC_C_LANGUAGE_STANDARD = gnu11;
				GCC_NO_COMMON_BLOCKS = YES;
				GCC_WARN_64_TO_32_BIT_CONVERSION = YES;
				GCC_WARN_ABOUT_RETURN_TYPE = YES_ERROR;
				GCC_WARN_UNDECLARED_SELECTOR = YES;
				GCC_WARN_UNINITIALIZED_AUTOS = YES_AGGRESSIVE;
				GCC_WARN_UNUSED_FUNCTION = YES;
				GCC_WARN_UNUSED_VARIABLE = YES;
				IPHONEOS_DEPLOYMENT_TARGET = 12.1;
				MTL_ENABLE_DEBUG_INFO = NO;
				MTL_FAST_MATH = YES;
				SDKROOT = iphoneos;
				SWIFT_COMPILATION_MODE = wholemodule;
				SWIFT_OPTIMIZATION_LEVEL = "-O";
				VALIDATE_PRODUCT = YES;
			};
			name = Release;
		};
		A73B9C2121CA50C90091D952 /* Debug */ = {
			isa = XCBuildConfiguration;
			buildSettings = {
				ASSETCATALOG_COMPILER_APPICON_NAME = AppIcon;
				CODE_SIGN_STYLE = Automatic;
				DEVELOPMENT_TEAM = YTABFG9LEP;
				INFOPLIST_FILE = Richard_Help_Access_Json_Data/Info.plist;
				LD_RUNPATH_SEARCH_PATHS = (
					"$(inherited)",
					"@executable_path/Frameworks",
				);
				PRODUCT_BUNDLE_IDENTIFIER = "com..Richard-Help-Access-Json-Data";
				PRODUCT_NAME = "$(TARGET_NAME)";
				SWIFT_VERSION = 4.2;
				TARGETED_DEVICE_FAMILY = "1,2";
			};
			name = Debug;
		};
		A73B9C2221CA50C90091D952 /* Release */ = {
			isa = XCBuildConfiguration;
			buildSettings = {
				ASSETCATALOG_COMPILER_APPICON_NAME = AppIcon;
				CODE_SIGN_STYLE = Automatic;
				DEVELOPMENT_TEAM = YTABFG9LEP;
				INFOPLIST_FILE = Richard_Help_Access_Json_Data/Info.plist;
				LD_RUNPATH_SEARCH_PATHS = (
					"$(inherited)",
					"@executable_path/Frameworks",
				);
				PRODUCT_BUNDLE_IDENTIFIER = "com..Richard-Help-Access-Json-Data";
				PRODUCT_NAME = "$(TARGET_NAME)";
				SWIFT_VERSION = 4.2;
				TARGETED_DEVICE_FAMILY = "1,2";
			};
			name = Release;
		};
/* End XCBuildConfiguration section */

/* Begin XCConfigurationList section */
		A73B9C0921CA50C50091D952 /* Build configuration list for PBXProject "Richard_Help_Access_Json_Data" */ = {
			isa = XCConfigurationList;
			buildConfigurations = (
				A73B9C1E21CA50C90091D952 /* Debug */,
				A73B9C1F21CA50C90091D952 /* Release */,
			);
			defaultConfigurationIsVisible = 0;
			defaultConfigurationName = Release;
		};
		A73B9C2021CA50C90091D952 /* Build configuration list for PBXNativeTarget "Richard_Help_Access_Json_Data" */ = {
			isa = XCConfigurationList;
			buildConfigurations = (
				A73B9C2121CA50C90091D952 /* Debug */,
				A73B9C2221CA50C90091D952 /* Release */,
			);
			defaultConfigurationIsVisible = 0;
			defaultConfigurationName = Release;
		};
/* End XCConfigurationList section */

/* Begin XCVersionGroup section */
		A71AD49821DA657A008BAD5A /* QuestionCoreData.xcdatamodeld */ = {
			isa = XCVersionGroup;
			children = (
				A71AD49921DA657A008BAD5A /* QuestionCoreData.xcdatamodel */,
			);
			currentVersion = A71AD49921DA657A008BAD5A /* QuestionCoreData.xcdatamodel */;
			path = QuestionCoreData.xcdatamodeld;
			sourceTree = "<group>";
			versionGroupType = wrapper.xcdatamodel;
		};
/* End XCVersionGroup section */
	};
	rootObject = A73B9C0621CA50C50091D952 /* Project object */;
}
